<Solution>
  <Folder Name="/src/">
    <Project Path="src/AttendanceSystem.Api/AttendanceSystem.Api.csproj" />
    <Project Path="src/AttendanceSystem.AppHost/AttendanceSystem.AppHost.csproj" />
    <Project Path="src/AttendanceSystem.Application/AttendanceSystem.Application.csproj" />
    <Project Path="src/AttendanceSystem.Domain/AttendanceSystem.Domain.csproj" />
    <Project Path="src/AttendanceSystem.Infrastructure/AttendanceSystem.Infrastructure.csproj" />
    <Project Path="src/AttendanceSystem.ServiceDefaults/AttendanceSystem.ServiceDefaults.csproj" />
  </Folder>
</Solution>
